{
  "version": 4,
  "terraform_version": "1.5.5",
  "serial": 3,
  "lineage": "665aef47-607e-6b45-0d21-d9942c2591a4",
  "outputs": {
    "registry_hostname": {
      "value": "flixtubetvxacr.azurecr.io",
      "type": "string"
    },
    "registry_pw": {
      "value": "y5rco5XsW2CV/jJRMwXYkQf2Ey6nXiIYU+Ax2+KlNG+ACRB3wzOu",
      "type": "string",
      "sensitive": true
    },
    "registry_un": {
      "value": "flixtubeTVxACR",
      "type": "string"
    },
    "resource_group_id": {
      "value": "/subscriptions/f4818072-cb28-454e-89e3-c4d668067ff7/resourceGroups/bmdk5",
      "type": "string"
    },
    "resource_group_name": {
      "value": "bmdk5",
      "type": "string"
    }
  },
  "resources": [
    {
      "mode": "managed",
      "type": "azurerm_container_registry",
      "name": "container_registry",
      "provider": "provider[\"registry.terraform.io/hashicorp/azurerm\"]",
      "instances": [
        {
          "schema_version": 2,
          "attributes": {
            "admin_enabled": true,
            "admin_password": "y5rco5XsW2CV/jJRMwXYkQf2Ey6nXiIYU+Ax2+KlNG+ACRB3wzOu",
            "admin_username": "flixtubeTVxACR",
            "anonymous_pull_enabled": false,
            "data_endpoint_enabled": false,
            "encryption": [
              {
                "enabled": false,
                "identity_client_id": "",
                "key_vault_key_id": ""
              }
            ],
            "export_policy_enabled": true,
            "georeplications": [],
            "id": "/subscriptions/f4818072-cb28-454e-89e3-c4d668067ff7/resourceGroups/bmdk5/providers/Microsoft.ContainerRegistry/registries/flixtubeTVxACR",
            "identity": [],
            "location": "eastus",
            "login_server": "flixtubetvxacr.azurecr.io",
            "name": "flixtubeTVxACR",
            "network_rule_bypass_option": "AzureServices",
            "network_rule_set": [],
            "public_network_access_enabled": true,
            "quarantine_policy_enabled": false,
            "resource_group_name": "bmdk5",
            "retention_policy": [
              {
                "days": 7,
                "enabled": false
              }
            ],
            "sku": "Basic",
            "tags": null,
            "timeouts": null,
            "trust_policy": [
              {
                "enabled": false
              }
            ],
            "zone_redundancy_enabled": false
          },
          "sensitive_attributes": [],
          "private": "eyJlMmJmYjczMC1lY2FhLTExZTYtOGY4OC0zNDM2M2JjN2M0YzAiOnsiY3JlYXRlIjoxODAwMDAwMDAwMDAwLCJkZWxldGUiOjE4MDAwMDAwMDAwMDAsInJlYWQiOjMwMDAwMDAwMDAwMCwidXBkYXRlIjoxODAwMDAwMDAwMDAwfSwic2NoZW1hX3ZlcnNpb24iOiIyIn0="
        }
      ]
    },
    {
      "mode": "managed",
      "type": "azurerm_resource_group",
      "name": "bmdk5",
      "provider": "provider[\"registry.terraform.io/hashicorp/azurerm\"]",
      "instances": [
        {
          "schema_version": 0,
          "attributes": {
            "id": "/subscriptions/f4818072-cb28-454e-89e3-c4d668067ff7/resourceGroups/bmdk5",
            "location": "eastus",
            "managed_by": "",
            "name": "bmdk5",
            "tags": null,
            "timeouts": null
          },
          "sensitive_attributes": [],
          "private": "eyJlMmJmYjczMC1lY2FhLTExZTYtOGY4OC0zNDM2M2JjN2M0YzAiOnsiY3JlYXRlIjo1NDAwMDAwMDAwMDAwLCJkZWxldGUiOjU0MDAwMDAwMDAwMDAsInJlYWQiOjMwMDAwMDAwMDAwMCwidXBkYXRlIjo1NDAwMDAwMDAwMDAwfX0="
        }
      ]
    }
  ],
  "check_results": null
}
